
Microsoft Visual Studio Solution File, Format Version 12.00
# Visual Studio Version 16
VisualStudioVersion = 16.0.29519.87
MinimumVisualStudioVersion = 10.0.40219.1
Project("{2150E333-8FDC-42A3-9474-1A3956D46DE8}") = "SAM_TMP", "SAM_TMP", "{4FDEDAD6-FCEC-4426-9A3B-086BF3C99CC0}"
EndProject
Project("{2150E333-8FDC-42A3-9474-1A3956D46DE8}") = "Dynamo", "Dynamo", "{A81D37DE-E647-4EF9-84B4-478BFD860184}"
EndProject
Project("{2150E333-8FDC-42A3-9474-1A3956D46DE8}") = "Grasshopper", "Grasshopper", "{B365D5A7-F4F1-4C45-9565-5F6CFC1134A4}"
EndProject
Project("{FAE04EC0-301F-11D3-BF4B-00C04F79EFBC}") = "SAM.Analytical.Grasshopper.TMP", "Grasshopper\SAM.Analytical.Grasshopper.TMP\SAM.Analytical.Grasshopper.TMP.csproj", "{A1DB5A5E-8118-4B86-8E0D-80FF61D80FEB}"
EndProject
Project("{FAE04EC0-301F-11D3-BF4B-00C04F79EFBC}") = "SAM.Core.Grasshopper.TMP", "Grasshopper\SAM.Core.Grasshopper.TMP\SAM.Core.Grasshopper.TMP.csproj", "{EA20D57F-BB3E-447A-80A2-14C04BAA665F}"
EndProject
Project("{FAE04EC0-301F-11D3-BF4B-00C04F79EFBC}") = "SAM.Analytical.TMP", "SAM_TMP\SAM.Analytical.TMP\SAM.Analytical.TMP.csproj", "{1BFC8019-2271-4799-9DD2-CC9275A49D84}"
EndProject
Project("{FAE04EC0-301F-11D3-BF4B-00C04F79EFBC}") = "SAM.Core.TMP", "SAM_TMP\SAM.Core.TMP\SAM.Core.TMP.csproj", "{1C86B9AC-81B3-41D8-BA48-321F28AB94F4}"
EndProject
Project("{FAE04EC0-301F-11D3-BF4B-00C04F79EFBC}") = "SAM.Geometry.TMP", "SAM_TMP\SAM.Geometry.TMP\SAM.Geometry.TMP.csproj", "{E5550801-4863-4036-904D-7563C9722760}"
EndProject
Global
	GlobalSection(SolutionConfigurationPlatforms) = preSolution
		Debug|Any CPU = Debug|Any CPU
		Release|Any CPU = Release|Any CPU
	EndGlobalSection
	GlobalSection(ProjectConfigurationPlatforms) = postSolution
		{A1DB5A5E-8118-4B86-8E0D-80FF61D80FEB}.Debug|Any CPU.ActiveCfg = Debug|Any CPU
		{A1DB5A5E-8118-4B86-8E0D-80FF61D80FEB}.Debug|Any CPU.Build.0 = Debug|Any CPU
		{A1DB5A5E-8118-4B86-8E0D-80FF61D80FEB}.Release|Any CPU.ActiveCfg = Release|Any CPU
		{A1DB5A5E-8118-4B86-8E0D-80FF61D80FEB}.Release|Any CPU.Build.0 = Release|Any CPU
		{EA20D57F-BB3E-447A-80A2-14C04BAA665F}.Debug|Any CPU.ActiveCfg = Debug|Any CPU
		{EA20D57F-BB3E-447A-80A2-14C04BAA665F}.Debug|Any CPU.Build.0 = Debug|Any CPU
		{EA20D57F-BB3E-447A-80A2-14C04BAA665F}.Release|Any CPU.ActiveCfg = Release|Any CPU
		{EA20D57F-BB3E-447A-80A2-14C04BAA665F}.Release|Any CPU.Build.0 = Release|Any CPU
		{1BFC8019-2271-4799-9DD2-CC9275A49D84}.Debug|Any CPU.ActiveCfg = Debug|Any CPU
		{1BFC8019-2271-4799-9DD2-CC9275A49D84}.Debug|Any CPU.Build.0 = Debug|Any CPU
		{1BFC8019-2271-4799-9DD2-CC9275A49D84}.Release|Any CPU.ActiveCfg = Release|Any CPU
		{1BFC8019-2271-4799-9DD2-CC9275A49D84}.Release|Any CPU.Build.0 = Release|Any CPU
		{1C86B9AC-81B3-41D8-BA48-321F28AB94F4}.Debug|Any CPU.ActiveCfg = Debug|Any CPU
		{1C86B9AC-81B3-41D8-BA48-321F28AB94F4}.Debug|Any CPU.Build.0 = Debug|Any CPU
		{1C86B9AC-81B3-41D8-BA48-321F28AB94F4}.Release|Any CPU.ActiveCfg = Release|Any CPU
		{1C86B9AC-81B3-41D8-BA48-321F28AB94F4}.Release|Any CPU.Build.0 = Release|Any CPU
		{E5550801-4863-4036-904D-7563C9722760}.Debug|Any CPU.ActiveCfg = Debug|Any CPU
		{E5550801-4863-4036-904D-7563C9722760}.Debug|Any CPU.Build.0 = Debug|Any CPU
		{E5550801-4863-4036-904D-7563C9722760}.Release|Any CPU.ActiveCfg = Release|Any CPU
		{E5550801-4863-4036-904D-7563C9722760}.Release|Any CPU.Build.0 = Release|Any CPU
	EndGlobalSection
	GlobalSection(SolutionProperties) = preSolution
		HideSolutionNode = FALSE
	EndGlobalSection
	GlobalSection(NestedProjects) = preSolution
		{A1DB5A5E-8118-4B86-8E0D-80FF61D80FEB} = {B365D5A7-F4F1-4C45-9565-5F6CFC1134A4}
		{EA20D57F-BB3E-447A-80A2-14C04BAA665F} = {B365D5A7-F4F1-4C45-9565-5F6CFC1134A4}
		{1BFC8019-2271-4799-9DD2-CC9275A49D84} = {4FDEDAD6-FCEC-4426-9A3B-086BF3C99CC0}
		{1C86B9AC-81B3-41D8-BA48-321F28AB94F4} = {4FDEDAD6-FCEC-4426-9A3B-086BF3C99CC0}
		{E5550801-4863-4036-904D-7563C9722760} = {4FDEDAD6-FCEC-4426-9A3B-086BF3C99CC0}
	EndGlobalSection
	GlobalSection(ExtensibilityGlobals) = postSolution
		SolutionGuid = {4E0308FF-C8D5-4700-951A-859CB9D4FD09}
	EndGlobalSection
EndGlobal
